# This file is autogenerated, do not edit; changes may be undone by the next 'dep ensure'.


[[projects]]
  digest = "1:320e7ead93de9fd2b0e59b50fd92a4d50c1f8ab455d96bc2eb083267453a9709"
  name = "github.com/asaskevich/govalidator"
  packages = ["."]
  pruneopts = "UT"
  revision = "ccb8e960c48f04d6935e72476ae4a51028f9e22f"
  version = "v9"

[[projects]]
  digest = "1:2cd7915ab26ede7d95b8749e6b1f933f1c6d5398030684e6505940a10f31cfda"
  name = "github.com/ghodss/yaml"
  packages = ["."]
  pruneopts = "UT"
  revision = "0ca9ea5df5451ffdf184b4428c902747c2c11cd7"
  version = "v1.0.0"

[[projects]]
  digest = "1:3bca1e4623bc7e1f9849a14fe730c093953727991f0592be3dad0168cb67758e"
  name = "github.com/go-openapi/errors"
  packages = ["."]
  pruneopts = "UT"
  revision = "0b2a0a1f89aa2eec2d13e03cd80ab0fdaf01f8ce"
  version = "v0.19.2"

[[projects]]
  digest = "1:60e14b70fbc3b2814e48562179462d7f633fc8733b6ee8e57f576801cd863f57"
  name = "github.com/go-openapi/strfmt"
  packages = ["."]
  pruneopts = "UT"
  revision = "432db8fbcb18bf11f72ca9538e07943e45be4d9f"
  version = "v0.19.2"

[[projects]]
  digest = "1:586ea76dbd0374d6fb649a91d70d652b7fe0ccffb8910a77468e7702e7901f3d"
  name = "github.com/go-stack/stack"
  packages = ["."]
  pruneopts = "UT"
  revision = "2fee6af1a9795aafbe0253a0cfbdf668e1fb8a9a"
  version = "v1.8.0"

[[projects]]
  digest = "1:49682391a5679d23a08371ee0a934776a7969db4e531adab304c8a60c054164c"
  name = "github.com/jaypipes/ghw"
  packages = ["."]
  pruneopts = "UT"
  revision = "29869ac89830376f4997b823e455dac004acce4e"
  version = "0.4.0"

[[projects]]
  digest = "1:e5ddb73696a5f8baf76318b19600e594ee82c4d970bedfccb685719fb91cdd88"
  name = "github.com/jaypipes/pcidb"
  packages = ["."]
  pruneopts = "UT"
  revision = "4d488f78747b8369c9f5bb93462241a30d178059"
  version = "0.4"

[[projects]]
  digest = "1:9ffdb1b0fc1e8ad59606ac746aeac5935a604192c38d828dceb6abe79af11916"
  name = "github.com/jedib0t/go-pretty"
  packages = [
    "table",
    "text",
  ]
  pruneopts = "UT"
  revision = "b5d36c1d5faf07737526e2a983b46b3252546897"
  version = "v4.2.1"

[[projects]]
  branch = "master"
  digest = "1:f433da6fbabb0bd1bd730fd340782015c644123d02eb78c20c69ce03352daad1"
  name = "github.com/kardianos/osext"
  packages = ["."]
  pruneopts = "UT"
  revision = "2bc1f35cddc0cc527b4bc3dce8578fc2a6c11384"

[[projects]]
  digest = "1:0356f3312c9bd1cbeda81505b7fd437501d8e778ab66998ef69f00d7f9b3a0d7"
  name = "github.com/mattn/go-runewidth"
  packages = ["."]
  pruneopts = "UT"
  revision = "3ee7d812e62a0804a7d0a324e0249ca2db3476d3"
  version = "v0.0.4"

[[projects]]
  digest = "1:5d231480e1c64a726869bc4142d270184c419749d34f167646baa21008eb0a79"
  name = "github.com/mitchellh/go-homedir"
  packages = ["."]
  pruneopts = "UT"
  revision = "af06845cf3004701891bf4fdb884bfe4920b3727"
  version = "v1.1.0"

[[projects]]
  digest = "1:53bc4cd4914cd7cd52139990d5170d6dc99067ae31c56530621b18b35fc30318"
  name = "github.com/mitchellh/mapstructure"
  packages = ["."]
  pruneopts = "UT"
  revision = "3536a929edddb9a5b34bd6861dc4a9647cb459fe"
  version = "v1.1.2"

[[projects]]
  digest = "1:cf31692c14422fa27c83a05292eb5cbe0fb2775972e8f1f8446a71549bd8980b"
  name = "github.com/pkg/errors"
  packages = ["."]
  pruneopts = "UT"
  revision = "ba968bfe8b2f7e042a574c888954fccecfa385b4"
  version = "v0.8.1"

[[projects]]
  digest = "1:1ad7be70615b095707f558f510013198d24e26f99f5319a38c2039de46576945"
  name = "github.com/sevlyar/go-daemon"
  packages = ["."]
  pruneopts = "UT"
  revision = "bf839693b97cb19a587b25649bbcb59ee16bdb2f"
  version = "v0.1.5"

[[projects]]
  digest = "1:549a140c6c3742fe0df432e860fbf636f71d7589ba1e75acdc33a36346010ddc"
  name = "go.mongodb.org/mongo-driver"
  packages = [
    "bson",
    "bson/bsoncodec",
    "bson/bsonrw",
    "bson/bsontype",
    "bson/primitive",
    "x/bsonx/bsoncore",
  ]
  pruneopts = "UT"
  revision = "582ff343271e8893d785ff094855498c285bce0a"
  version = "v1.0.3"

[[projects]]
  branch = "master"
  digest = "1:afb5346f71acefc3da7ad800f952cb2bcdb762194b05304bbf54d7f9490e31c5"
  name = "golang.org/x/sys"
  packages = [
    "unix",
    "windows",
  ]
  pruneopts = "UT"
  revision = "04f50cda93cbb67f2afa353c52f342100e80e625"

[[projects]]
  digest = "1:4d2e5a73dc1500038e504a8d78b986630e3626dc027bc030ba5c75da257cdb96"
  name = "gopkg.in/yaml.v2"
  packages = ["."]
  pruneopts = "UT"
  revision = "51d6538a90f86fe93ac480b35f37b2be17fef232"
  version = "v2.2.2"

[[projects]]
  digest = "1:c10265d5a71326618d37e97169eddb3582f78e8ac7dcf87403b4cf619efd519a"
  name = "howett.net/plist"
  packages = ["."]
  pruneopts = "UT"
  revision = "591f970eefbbeb04d7b37f334a0c4c3256e32876"
  source = "github.com/DHowett/go-plist"

[solve-meta]
  analyzer-name = "dep"
  analyzer-version = 1
  input-imports = [
    "github.com/jaypipes/ghw",
    "github.com/jedib0t/go-pretty/table",
    "github.com/sevlyar/go-daemon",
  ]
  solver-name = "gps-cdcl"
  solver-version = 1
